// !$*UTF8*$!
{
	archiveVersion = 1;
	classes = {
	};
	objectVersion = 48;
	objects = {

/* Begin PBXBuildFile section */
		BDB93E6E1FE53AE200FD5494 /* Theme.swift in Sources */ = {isa = PBXBuildFile; fileRef = BDB93E6D1FE53AE200FD5494 /* Theme.swift */; };
		BDDC8B371FE193DD005B783E /* AppDelegate.swift in Sources */ = {isa = PBXBuildFile; fileRef = BDDC8B361FE193DD005B783E /* AppDelegate.swift */; };
		BDDC8B391FE193DD005B783E /* ViewController.swift in Sources */ = {isa = PBXBuildFile; fileRef = BDDC8B381FE193DD005B783E /* ViewController.swift */; };
		BDDC8B3C1FE193DD005B783E /* Main.storyboard in Resources */ = {isa = PBXBuildFile; fileRef = BDDC8B3A1FE193DD005B783E /* Main.storyboard */; };
		BDDC8B3E1FE193DD005B783E /* Assets.xcassets in Resources */ = {isa = PBXBuildFile; fileRef = BDDC8B3D1FE193DD005B783E /* Assets.xcassets */; };
		BDDC8B411FE193DD005B783E /* LaunchScreen.storyboard in Resources */ = {isa = PBXBuildFile; fileRef = BDDC8B3F1FE193DD005B783E /* LaunchScreen.storyboard */; };
		BDDC8B4A1FE1E0DE005B783E /* Concentration.swift in Sources */ = {isa = PBXBuildFile; fileRef = BDDC8B491FE1E0DE005B783E /* Concentration.swift */; };
		BDDC8B4C1FE1E261005B783E /* Card.swift in Sources */ = {isa = PBXBuildFile; fileRef = BDDC8B4B1FE1E261005B783E /* Card.swift */; };
/* End PBXBuildFile section */

/* Begin PBXFileReference section */
		BDB93E6D1FE53AE200FD5494 /* Theme.swift */ = {isa = PBXFileReference; lastKnownFileType = sourcecode.swift; path = Theme.swift; sourceTree = "<group>"; };
		BDDC8B331FE193DD005B783E /* Concentration.app */ = {isa = PBXFileReference; explicitFileType = wrapper.application; includeInIndex = 0; path = Concentration.app; sourceTree = BUILT_PRODUCTS_DIR; };
		BDDC8B361FE193DD005B783E /* AppDelegate.swift */ = {isa = PBXFileReference; lastKnownFileType = sourcecode.swift; path = AppDelegate.swift; sourceTree = "<group>"; };
		BDDC8B381FE193DD005B783E /* ViewController.swift */ = {isa = PBXFileReference; lastKnownFileType = sourcecode.swift; path = ViewController.swift; sourceTree = "<group>"; };
		BDDC8B3B1FE193DD005B783E /* Base */ = {isa = PBXFileReference; lastKnownFileType = file.storyboard; name = Base; path = Base.lproj/Main.storyboard; sourceTree = "<group>"; };
		BDDC8B3D1FE193DD005B783E /* Assets.xcassets */ = {isa = PBXFileReference; lastKnownFileType = folder.assetcatalog; path = Assets.xcassets; sourceTree = "<group>"; };
		BDDC8B401FE193DD005B783E /* Base */ = {isa = PBXFileReference; lastKnownFileType = file.storyboard; name = Base; path = Base.lproj/LaunchScreen.storyboard; sourceTree = "<group>"; };
		BDDC8B421FE193DD005B783E /* Info.plist */ = {isa = PBXFileReference; lastKnownFileType = text.plist.xml; path = Info.plist; sourceTree = "<group>"; };
		BDDC8B491FE1E0DE005B783E /* Concentration.swift */ = {isa = PBXFileReference; lastKnownFileType = sourcecode.swift; path = Concentration.swift; sourceTree = "<group>"; };
		BDDC8B4B1FE1E261005B783E /* Card.swift */ = {isa = PBXFileReference; lastKnownFileType = sourcecode.swift; path = Card.swift; sourceTree = "<group>"; };
/* End PBXFileReference section */

/* Begin PBXFrameworksBuildPhase section */
		BDDC8B301FE193DD005B783E /* Frameworks */ = {
			isa = PBXFrameworksBuildPhase;
			buildActionMask = 2147483647;
			files = (
			);
			runOnlyForDeploymentPostprocessing = 0;
		};
/* End PBXFrameworksBuildPhase section */

/* Begin PBXGroup section */
		BDDC8B2A1FE193DD005B783E = {
			isa = PBXGroup;
			children = (
				BDDC8B351FE193DD005B783E /* Concentration */,
				BDDC8B341FE193DD005B783E /* Products */,
			);
			sourceTree = "<group>";
		};
		BDDC8B341FE193DD005B783E /* Products */ = {
			isa = PBXGroup;
			children = (
				BDDC8B331FE193DD005B783E /* Concentration.app */,
			);
			name = Products;
			sourceTree = "<group>";
		};
		BDDC8B351FE193DD005B783E /* Concentration */ = {
			isa = PBXGroup;
			children = (
				BDDC8B481FE19649005B783E /* SupportingFiles */,
				BDDC8B3A1FE193DD005B783E /* Main.storyboard */,
				BDB93E6D1FE53AE200FD5494 /* Theme.swift */,
				BDDC8B381FE193DD005B783E /* ViewController.swift */,
				BDDC8B491FE1E0DE005B783E /* Concentration.swift */,
				BDDC8B4B1FE1E261005B783E /* Card.swift */,
				BDDC8B421FE193DD005B783E /* Info.plist */,
			);
			path = Concentration;
			sourceTree = "<group>";
		};
		BDDC8B481FE19649005B783E /* SupportingFiles */ = {
			isa = PBXGroup;
			children = (
				BDDC8B3D1FE193DD005B783E /* Assets.xcassets */,
				BDDC8B361FE193DD005B783E /* AppDelegate.swift */,
				BDDC8B3F1FE193DD005B783E /* LaunchScreen.storyboard */,
			);
			path = SupportingFiles;
			sourceTree = "<group>";
		};
/* End PBXGroup section */

/* Begin PBXNativeTarget section */
		BDDC8B321FE193DD005B783E /* Concentration */ = {
			isa = PBXNativeTarget;
			buildConfigurationList = BDDC8B451FE193DD005B783E /* Build configuration list for PBXNativeTarget "Concentration" */;
			buildPhases = (
				BDDC8B2F1FE193DD005B783E /* Sources */,
				BDDC8B301FE193DD005B783E /* Frameworks */,
				BDDC8B311FE193DD005B783E /* Resources */,
			);
			buildRules = (
			);
			dependencies = (
			);
			name = Concentration;
			productName = Concentration;
			productReference = BDDC8B331FE193DD005B783E /* Concentration.app */;
			productType = "com.apple.product-type.application";
		};
/* End PBXNativeTarget section */

/* Begin PBXProject section */
		BDDC8B2B1FE193DD005B783E /* Project object */ = {
			isa = PBXProject;
			attributes = {
				LastSwiftUpdateCheck = 0920;
				LastUpgradeCheck = 0920;
				ORGANIZATIONNAME = Miretz;
				TargetAttributes = {
					BDDC8B321FE193DD005B783E = {
						CreatedOnToolsVersion = 9.2;
						ProvisioningStyle = Automatic;
					};
				};
			};
			buildConfigurationList = BDDC8B2E1FE193DD005B783E /* Build configuration list for PBXProject "Concentration" */;
			compatibilityVersion = "Xcode 8.0";
			developmentRegion = en;
			hasScannedForEncodings = 0;
			knownRegions = (
				en,
				Base,
			);
			mainGroup = BDDC8B2A1FE193DD005B783E;
			productRefGroup = BDDC8B341FE193DD005B783E /* Products */;
			projectDirPath = "";
			projectRoot = "";
			targets = (
				BDDC8B321FE193DD005B783E /* Concentration */,
			);
		};
/* End PBXProject section */

/* Begin PBXResourcesBuildPhase section */
		BDDC8B311FE193DD005B783E /* Resources */ = {
			isa = PBXResourcesBuildPhase;
			buildActionMask = 2147483647;
			files = (
				BDDC8B411FE193DD005B783E /* LaunchScreen.storyboard in Resources */,
				BDDC8B3E1FE193DD005B783E /* Assets.xcassets in Resources */,
				BDDC8B3C1FE193DD005B783E /* Main.storyboard in Resources */,
			);
			runOnlyForDeploymentPostprocessing = 0;
		};
/* End PBXResourcesBuildPhase section */

/* Begin PBXSourcesBuildPhase section */
		BDDC8B2F1FE193DD005B783E /* Sources */ = {
			isa = PBXSourcesBuildPhase;
			buildActionMask = 2147483647;
			files = (
				BDDC8B391FE193DD005B783E /* ViewController.swift in Sources */,
				BDDC8B371FE193DD005B783E /* AppDelegate.swift in Sources */,
				BDB93E6E1FE53AE200FD5494 /* Theme.swift in Sources */,
				BDDC8B4A1FE1E0DE005B783E /* Concentration.swift in Sources */,
				BDDC8B4C1FE1E261005B783E /* Card.swift in Sources */,
			);
			runOnlyForDeploymentPostprocessing = 0;
		};
/* End PBXSourcesBuildPhase section */

/* Begin PBXVariantGroup section */
		BDDC8B3A1FE193DD005B783E /* Main.storyboard */ = {
			isa = PBXVariantGroup;
			children = (
				BDDC8B3B1FE193DD005B783E /* Base */,
			);
			name = Main.storyboard;
			sourceTree = "<group>";
		};
		BDDC8B3F1FE193DD005B783E /* LaunchScreen.storyboard */ = {
			isa = PBXVariantGroup;
			children = (
				BDDC8B401FE193DD005B783E /* Base */,
			);
			name = LaunchScreen.storyboard;
			sourceTree = "<group>";
		};
/* End PBXVariantGroup section */

/* Begin XCBuildConfiguration section */
		BDDC8B431FE193DD005B783E /* Debug */ = {
			isa = XCBuildConfiguration;
			buildSettings = {
				ALWAYS_SEARCH_USER_PATHS = NO;
				CLANG_ANALYZER_NONNULL = YES;
				CLANG_ANALYZER_NUMBER_OBJECT_CONVERSION = YES_AGGRESSIVE;
				CLANG_CXX_LANGUAGE_STANDARD = "gnu++14";
				CLANG_CXX_LIBRARY = "libc++";
				CLANG_ENABLE_MODULES = YES;
				CLANG_ENABLE_OBJC_ARC = YES;
				CLANG_WARN_BLOCK_CAPTURE_AUTORELEASING = YES;
				CLANG_WARN_BOOL_CONVERSION = YES;
				CLANG_WARN_COMMA = YES;
				CLANG_WARN_CONSTANT_CONVERSION = YES;
				CLANG_WARN_DIRECT_OBJC_ISA_USAGE = YES_ERROR;
				CLANG_WARN_DOCUMENTATION_COMMENTS = YES;
				CLANG_WARN_EMPTY_BODY = YES;
				CLANG_WARN_ENUM_CONVERSION = YES;
				CLANG_WARN_INFINITE_RECURSION = YES;
				CLANG_WARN_INT_CONVERSION = YES;
				CLANG_WARN_NON_LITERAL_NULL_CONVERSION = YES;
				CLANG_WARN_OBJC_LITERAL_CONVERSION = YES;
				CLANG_WARN_OBJC_ROOT_CLASS = YES_ERROR;
				CLANG_WARN_RANGE_LOOP_ANALYSIS = YES;
				CLANG_WARN_STRICT_PROTOTYPES = YES;
				CLANG_WARN_SUSPICIOUS_MOVE = YES;
				CLANG_WARN_UNGUARDED_AVAILABILITY = YES_AGGRESSIVE;
				CLANG_WARN_UNREACHABLE_CODE = YES;
				CLANG_WARN__DUPLICATE_METHOD_MATCH = YES;
				CODE_SIGN_IDENTITY = "iPhone Developer";
				COPY_PHASE_STRIP = NO;
				DEBUG_INFORMATION_FORMAT = dwarf;
				ENABLE_STRICT_OBJC_MSGSEND = YES;
				ENABLE_TESTABILITY = YES;
				GCC_C_LANGUAGE_STANDARD = gnu11;
				GCC_DYNAMIC_NO_PIC = NO;
				GCC_NO_COMMON_BLOCKS = YES;
				GCC_OPTIMIZATION_LEVEL = 0;
				GCC_PREPROCESSOR_DEFINITIONS = (
					"DEBUG=1",
					"$(inherited)",
				);
				GCC_WARN_64_TO_32_BIT_CONVERSION = YES;
				GCC_WARN_ABOUT_RETURN_TYPE = YES_ERROR;
				GCC_WARN_UNDECLARED_SELECTOR = YES;
				GCC_WARN_UNINITIALIZED_AUTOS = YES_AGGRESSIVE;
				GCC_WARN_UNUSED_FUNCTION = YES;
				GCC_WARN_UNUSED_VARIABLE = YES;
				IPHONEOS_DEPLOYMENT_TARGET = 11.2;
				MTL_ENABLE_DEBUG_INFO = YES;
				ONLY_ACTIVE_ARCH = YES;
				SDKROOT = iphoneos;
				SWIFT_ACTIVE_COMPILATION_CONDITIONS = DEBUG;
				SWIFT_OPTIMIZATION_LEVEL = "-Onone";
			};
			name = Debug;
		};
		BDDC8B441FE193DD005B783E /* Release */ = {
			isa = XCBuildConfiguration;
			buildSettings = {
				ALWAYS_SEARCH_USER_PATHS = NO;
				CLANG_ANALYZER_NONNULL = YES;
				CLANG_ANALYZER_NUMBER_OBJECT_CONVERSION = YES_AGGRESSIVE;
				CLANG_CXX_LANGUAGE_STANDARD = "gnu++14";
				CLANG_CXX_LIBRARY = "libc++";
				CLANG_ENABLE_MODULES = YES;
				CLANG_ENABLE_OBJC_ARC = YES;
				CLANG_WARN_BLOCK_CAPTURE_AUTORELEASING = YES;
				CLANG_WARN_BOOL_CONVERSION = YES;
				CLANG_WARN_COMMA = YES;
				CLANG_WARN_CONSTANT_CONVERSION = YES;
				CLANG_WARN_DIRECT_OBJC_ISA_USAGE = YES_ERROR;
				CLANG_WARN_DOCUMENTATION_COMMENTS = YES;
				CLANG_WARN_EMPTY_BODY = YES;
				CLANG_WARN_ENUM_CONVERSION = YES;
				CLANG_WARN_INFINITE_RECURSION = YES;
				CLANG_WARN_INT_CONVERSION = YES;
				CLANG_WARN_NON_LITERAL_NULL_CONVERSION = YES;
				CLANG_WARN_OBJC_LITERAL_CONVERSION = YES;
				CLANG_WARN_OBJC_ROOT_CLASS = YES_ERROR;
				CLANG_WARN_RANGE_LOOP_ANALYSIS = YES;
				CLANG_WARN_STRICT_PROTOTYPES = YES;
				CLANG_WARN_SUSPICIOUS_MOVE = YES;
				CLANG_WARN_UNGUARDED_AVAILABILITY = YES_AGGRESSIVE;
				CLANG_WARN_UNREACHABLE_CODE = YES;
				CLANG_WARN__DUPLICATE_METHOD_MATCH = YES;
				CODE_SIGN_IDENTITY = "iPhone Developer";
				COPY_PHASE_STRIP = NO;
				DEBUG_INFORMATION_FORMAT = "dwarf-with-dsym";
				ENABLE_NS_ASSERTIONS = NO;
				ENABLE_STRICT_OBJC_MSGSEND = YES;
				GCC_C_LANGUAGE_STANDARD = gnu11;
				GCC_NO_COMMON_BLOCKS = YES;
				GCC_WARN_64_TO_32_BIT_CONVERSION = YES;
				GCC_WARN_ABOUT_RETURN_TYPE = YES_ERROR;
				GCC_WARN_UNDECLARED_SELECTOR = YES;
				GCC_WARN_UNINITIALIZED_AUTOS = YES_AGGRESSIVE;
				GCC_WARN_UNUSED_FUNCTION = YES;
				GCC_WARN_UNUSED_VARIABLE = YES;
				IPHONEOS_DEPLOYMENT_TARGET = 11.2;
				MTL_ENABLE_DEBUG_INFO = NO;
				SDKROOT = iphoneos;
				SWIFT_OPTIMIZATION_LEVEL = "-Owholemodule";
				VALIDATE_PRODUCT = YES;
			};
			name = Release;
		};
		BDDC8B461FE193DD005B783E /* Debug */ = {
			isa = XCBuildConfiguration;
			buildSettings = {
				ASSETCATALOG_COMPILER_APPICON_NAME = AppIcon;
				CODE_SIGN_STYLE = Automatic;
				DEVELOPMENT_TEAM = 7U757V2Y7U;
				INFOPLIST_FILE = Concentration/Info.plist;
				LD_RUNPATH_SEARCH_PATHS = "$(inherited) @executable_path/Frameworks";
				PRODUCT_BUNDLE_IDENTIFIER = com.miretz.Concentration;
				PRODUCT_NAME = "$(TARGET_NAME)";
				SWIFT_VERSION = 4.0;
				TARGETED_DEVICE_FAMILY = "1,2";
			};
			name = Debug;
		};
		BDDC8B471FE193DD005B783E /* Release */ = {
			isa = XCBuildConfiguration;
			buildSettings = {
				ASSETCATALOG_COMPILER_APPICON_NAME = AppIcon;
				CODE_SIGN_STYLE = Automatic;
				DEVELOPMENT_TEAM = 7U757V2Y7U;
				INFOPLIST_FILE = Concentration/Info.plist;
				LD_RUNPATH_SEARCH_PATHS = "$(inherited) @executable_path/Frameworks";
				PRODUCT_BUNDLE_IDENTIFIER = com.miretz.Concentration;
				PRODUCT_NAME = "$(TARGET_NAME)";
				SWIFT_VERSION = 4.0;
				TARGETED_DEVICE_FAMILY = "1,2";
			};
			name = Release;
		};
/* End XCBuildConfiguration section */

/* Begin XCConfigurationList section */
		BDDC8B2E1FE193DD005B783E /* Build configuration list for PBXProject "Concentration" */ = {
			isa = XCConfigurationList;
			buildConfigurations = (
				BDDC8B431FE193DD005B783E /* Debug */,
				BDDC8B441FE193DD005B783E /* Release */,
			);
			defaultConfigurationIsVisible = 0;
			defaultConfigurationName = Release;
		};
		BDDC8B451FE193DD005B783E /* Build configuration list for PBXNativeTarget "Concentration" */ = {
			isa = XCConfigurationList;
			buildConfigurations = (
				BDDC8B461FE193DD005B783E /* Debug */,
				BDDC8B471FE193DD005B783E /* Release */,
			);
			defaultConfigurationIsVisible = 0;
			defaultConfigurationName = Release;
		};
/* End XCConfigurationList section */
	};
	rootObject = BDDC8B2B1FE193DD005B783E /* Project object */;
}
